
Microsoft Visual Studio Solution File, Format Version 12.00
# Visual Studio 15
Project("{FAE04EC0-301F-11D3-BF4B-00C04F79EFBC}") = "carparkRateCalculator", "carparkRateCalculator\carparkRateCalculator.csproj", "{58EA7E00-F8FB-49C9-A5C2-80137DC5A1BE}"
EndProject
Project("{FAE04EC0-301F-11D3-BF4B-00C04F79EFBC}") = "carparkRateCalculatorTests", "carparkRateCalculatorTests\carparkRateCalculatorTests.csproj", "{CCA09CE1-2349-46D6-9714-420302F2DF24}"
EndProject
Global
	GlobalSection(SolutionConfigurationPlatforms) = preSolution
		Debug|Any CPU = Debug|Any CPU
		Release|Any CPU = Release|Any CPU
	EndGlobalSection
	GlobalSection(ProjectConfigurationPlatforms) = postSolution
		{58EA7E00-F8FB-49C9-A5C2-80137DC5A1BE}.Debug|Any CPU.ActiveCfg = Debug|Any CPU
		{58EA7E00-F8FB-49C9-A5C2-80137DC5A1BE}.Debug|Any CPU.Build.0 = Debug|Any CPU
		{58EA7E00-F8FB-49C9-A5C2-80137DC5A1BE}.Release|Any CPU.ActiveCfg = Release|Any CPU
		{58EA7E00-F8FB-49C9-A5C2-80137DC5A1BE}.Release|Any CPU.Build.0 = Release|Any CPU
		{CCA09CE1-2349-46D6-9714-420302F2DF24}.Debug|Any CPU.ActiveCfg = Debug|Any CPU
		{CCA09CE1-2349-46D6-9714-420302F2DF24}.Debug|Any CPU.Build.0 = Debug|Any CPU
		{CCA09CE1-2349-46D6-9714-420302F2DF24}.Release|Any CPU.ActiveCfg = Release|Any CPU
		{CCA09CE1-2349-46D6-9714-420302F2DF24}.Release|Any CPU.Build.0 = Release|Any CPU
	EndGlobalSection
EndGlobal
